
Microsoft Visual Studio Solution File, Format Version 12.00
# Visual Studio Version 17
VisualStudioVersion = 17.11.35312.102
MinimumVisualStudioVersion = 10.0.40219.1
Project("{9A19103F-16F7-4668-BE54-9A1E7A4F7556}") = "InventoryClientAPI", "InventoryClientAPI\InventoryClientAPI.csproj", "{CC7BBF29-F22C-4263-83A4-20DA7C4793AA}"
EndProject
Project("{FAE04EC0-301F-11D3-BF4B-00C04F79EFBC}") = "ClientApp", "ClientApp\ClientApp.csproj", "{CAC3F556-7031-464F-9F9C-624D208FC1D4}"
EndProject
Global
	GlobalSection(SolutionConfigurationPlatforms) = preSolution
		Debug|Any CPU = Debug|Any CPU
		Release|Any CPU = Release|Any CPU
	EndGlobalSection
	GlobalSection(ProjectConfigurationPlatforms) = postSolution
		{CC7BBF29-F22C-4263-83A4-20DA7C4793AA}.Debug|Any CPU.ActiveCfg = Debug|Any CPU
		{CC7BBF29-F22C-4263-83A4-20DA7C4793AA}.Debug|Any CPU.Build.0 = Debug|Any CPU
		{CC7BBF29-F22C-4263-83A4-20DA7C4793AA}.Release|Any CPU.ActiveCfg = Release|Any CPU
		{CC7BBF29-F22C-4263-83A4-20DA7C4793AA}.Release|Any CPU.Build.0 = Release|Any CPU
		{CAC3F556-7031-464F-9F9C-624D208FC1D4}.Debug|Any CPU.ActiveCfg = Debug|Any CPU
		{CAC3F556-7031-464F-9F9C-624D208FC1D4}.Debug|Any CPU.Build.0 = Debug|Any CPU
		{CAC3F556-7031-464F-9F9C-624D208FC1D4}.Release|Any CPU.ActiveCfg = Release|Any CPU
		{CAC3F556-7031-464F-9F9C-624D208FC1D4}.Release|Any CPU.Build.0 = Release|Any CPU
	EndGlobalSection
	GlobalSection(SolutionProperties) = preSolution
		HideSolutionNode = FALSE
	EndGlobalSection
	GlobalSection(ExtensibilityGlobals) = postSolution
		SolutionGuid = {4F2DF1FA-5505-44B0-A67C-0963D754B9FA}
	EndGlobalSection
EndGlobal
